<?xml version="1.0" encoding="utf-8"?>
<Project ToolsVersion="4.0" xmlns="http://schemas.microsoft.com/developer/msbuild/2003">
  <ItemGroup>
    <Filter Include="Source Files">
      <UniqueIdentifier>{4FC737F1-C7A5-4376-A066-2A32D752A2FF}</UniqueIdentifier>
      <Extensions>cpp;c;cc;cxx;def;odl;idl;hpj;bat;asm;asmx</Extensions>
    </Filter>
    <Filter Include="Header Files">
      <UniqueIdentifier>{93995380-89BD-4b04-88EB-625FBE52EBFB}</UniqueIdentifier>
      <Extensions>h;hh;hpp;hxx;hm;inl;inc;xsd</Extensions>
    </Filter>
    <Filter Include="Header Files\Resources">
      <UniqueIdentifier>{bcef4088-60dd-456a-82c1-3d379e5ac27c}</UniqueIdentifier>
    </Filter>
    <Filter Include="Header Files\Player">
      <UniqueIdentifier>{6bb6d72f-e6c4-42a7-a013-ec58d968fd26}</UniqueIdentifier>
    </Filter>
    <Filter Include="Source Files\Player">
      <UniqueIdentifier>{533263a1-8ab4-4265-9dc5-8c85600e993c}</UniqueIdentifier>
    </Filter>
    <Filter Include="Header Files\Application">
      <UniqueIdentifier>{d22f9735-edd2-4ee7-bb28-56ab3f560f2e}</UniqueIdentifier>
    </Filter>
    <Filter Include="Source Files\Application">
      <UniqueIdentifier>{99045daa-b00e-4fc5-9e4c-be9b6b8eabf9}</UniqueIdentifier>
    </Filter>
    <Filter Include="Header Files\States">
      <UniqueIdentifier>{746d85f3-cdf4-4bd2-bab5-02713948d4d6}</UniqueIdentifier>
    </Filter>
    <Filter Include="Source Files\States">
      <UniqueIdentifier>{b1e2568b-dea2-4a34-b9ac-34a0f50d7e95}</UniqueIdentifier>
    </Filter>
    <Filter Include="Header Files\Levels">
      <UniqueIdentifier>{0a0856f3-8801-4c95-b270-01ba8daf36a1}</UniqueIdentifier>
    </Filter>
    <Filter Include="Source Files\Levels">
      <UniqueIdentifier>{2301bd53-fdaa-4804-b520-5275a6f58558}</UniqueIdentifier>
    </Filter>
  </ItemGroup>
  <ItemGroup>
    <ClCompile Include="main.cpp">
      <Filter>Source Files</Filter>
    </ClCompile>
    <ClCompile Include="Player\player.cpp">
      <Filter>Source Files\Player</Filter>
    </ClCompile>
    <ClCompile Include="Application\application.cpp">
      <Filter>Source Files\Application</Filter>
    </ClCompile>
    <ClCompile Include="States\titleState.cpp">
      <Filter>Source Files\States</Filter>
    </ClCompile>
    <ClCompile Include="States\menuState.cpp">
      <Filter>Source Files\States</Filter>
    </ClCompile>
    <ClCompile Include="States\settingsState.cpp">
      <Filter>Source Files\States</Filter>
    </ClCompile>
    <ClCompile Include="Player\devices.cpp">
      <Filter>Source Files\Player</Filter>
    </ClCompile>
    <ClCompile Include="Player\controller.cpp">
      <Filter>Source Files\Player</Filter>
    </ClCompile>
    <ClCompile Include="States\gameState.cpp">
      <Filter>Source Files\States</Filter>
    </ClCompile>
    <ClCompile Include="Levels\world.cpp">
      <Filter>Source Files\Levels</Filter>
    </ClCompile>
  </ItemGroup>
  <ItemGroup>
    <ClInclude Include="Resources\resourceIdentifiers.h">
      <Filter>Header Files\Resources</Filter>
    </ClInclude>
    <ClInclude Include="Player\player.h">
      <Filter>Header Files\Player</Filter>
    </ClInclude>
    <ClInclude Include="Application\application.h">
      <Filter>Header Files\Application</Filter>
    </ClInclude>
    <ClInclude Include="States\titleState.h">
      <Filter>Header Files\States</Filter>
    </ClInclude>
    <ClInclude Include="States\stateIdentifiers.h">
      <Filter>Header Files\States</Filter>
    </ClInclude>
    <ClInclude Include="States\menuState.h">
      <Filter>Header Files\States</Filter>
    </ClInclude>
    <ClInclude Include="States\settingsState.h">
      <Filter>Header Files\States</Filter>
    </ClInclude>
    <ClInclude Include="Player\devices.h">
      <Filter>Header Files\Player</Filter>
    </ClInclude>
    <ClInclude Include="Player\controller.h">
      <Filter>Header Files\Player</Filter>
    </ClInclude>
    <ClInclude Include="States\gameState.h">
      <Filter>Header Files\States</Filter>
    </ClInclude>
    <ClInclude Include="Levels\world.h">
      <Filter>Header Files\Levels</Filter>
    </ClInclude>
  </ItemGroup>
</Project>